
Microsoft Visual Studio Solution File, Format Version 12.00
# Visual Studio Version 17
VisualStudioVersion = 17.14.36310.24
MinimumVisualStudioVersion = 10.0.40219.1
Project("{FAE04EC0-301F-11D3-BF4B-00C04F79EFBC}") = "ACS.SEC.RWB.DEMO", "ACS.SEC.RWB.DEMO\ACS.SEC.RWB.DEMO.csproj", "{1511E347-BCDC-4486-B435-CD3C8E92A3EE}"
EndProject
Global
	GlobalSection(SolutionConfigurationPlatforms) = preSolution
		Debug|Any CPU = Debug|Any CPU
		Release|Any CPU = Release|Any CPU
	EndGlobalSection
	GlobalSection(ProjectConfigurationPlatforms) = postSolution
		{1511E347-BCDC-4486-B435-CD3C8E92A3EE}.Debug|Any CPU.ActiveCfg = Debug|Any CPU
		{1511E347-BCDC-4486-B435-CD3C8E92A3EE}.Debug|Any CPU.Build.0 = Debug|Any CPU
		{1511E347-BCDC-4486-B435-CD3C8E92A3EE}.Release|Any CPU.ActiveCfg = Release|Any CPU
		{1511E347-BCDC-4486-B435-CD3C8E92A3EE}.Release|Any CPU.Build.0 = Release|Any CPU
	EndGlobalSection
	GlobalSection(SolutionProperties) = preSolution
		HideSolutionNode = FALSE
	EndGlobalSection
	GlobalSection(ExtensibilityGlobals) = postSolution
		SolutionGuid = {D6747D69-27A3-4CD8-82AE-BC1AC7E0F331}
	EndGlobalSection
EndGlobal
